// !$*UTF8*$!
{
	archiveVersion = 1;
	classes = {
	};
	objectVersion = 56;
	objects = {

/* Begin PBXBuildFile section */
		FE5B712929E0B049002D92F3 /* IconButtonInner.swift in Sources */ = {isa = PBXBuildFile; fileRef = FE5B712829E0B049002D92F3 /* IconButtonInner.swift */; };
		FE5B712B29E0B085002D92F3 /* IconButtonStyle.swift in Sources */ = {isa = PBXBuildFile; fileRef = FE5B712A29E0B085002D92F3 /* IconButtonStyle.swift */; };
		FE5B712D29E0B61D002D92F3 /* SurveyTextField.swift in Sources */ = {isa = PBXBuildFile; fileRef = FE5B712C29E0B61D002D92F3 /* SurveyTextField.swift */; };
		FE5B712F29E0BAEA002D92F3 /* SurveyDropdown.swift in Sources */ = {isa = PBXBuildFile; fileRef = FE5B712E29E0BAEA002D92F3 /* SurveyDropdown.swift */; };
		FE5B713129E0BE9D002D92F3 /* SurveyNumberField.swift in Sources */ = {isa = PBXBuildFile; fileRef = FE5B713029E0BE9D002D92F3 /* SurveyNumberField.swift */; };
		FE5B713329E202F3002D92F3 /* Toast.swift in Sources */ = {isa = PBXBuildFile; fileRef = FE5B713229E202F3002D92F3 /* Toast.swift */; };
		FE5B713529E7384F002D92F3 /* SurveyMultiCheckbox.swift in Sources */ = {isa = PBXBuildFile; fileRef = FE5B713429E7384F002D92F3 /* SurveyMultiCheckbox.swift */; };
		FE5B713C29E88B10002D92F3 /* test-icon.png in Resources */ = {isa = PBXBuildFile; fileRef = FE5B713B29E88B10002D92F3 /* test-icon.png */; };
		FE5B713F29E88DC5002D92F3 /* slippery-icon.png in Resources */ = {isa = PBXBuildFile; fileRef = FE5B713E29E88DC5002D92F3 /* slippery-icon.png */; };
		FE5B714229E89038002D92F3 /* cafe-g47ee2568d_1920.jpg in Resources */ = {isa = PBXBuildFile; fileRef = FE5B714129E89038002D92F3 /* cafe-g47ee2568d_1920.jpg */; };
		FE5B714529E89369002D92F3 /* MainView.swift in Sources */ = {isa = PBXBuildFile; fileRef = FE5B714429E89369002D92F3 /* MainView.swift */; };
		FE5B714729E893E9002D92F3 /* HistoryView.swift in Sources */ = {isa = PBXBuildFile; fileRef = FE5B714629E893E9002D92F3 /* HistoryView.swift */; };
		FE5B714929E89417002D92F3 /* DummyView.swift in Sources */ = {isa = PBXBuildFile; fileRef = FE5B714829E89417002D92F3 /* DummyView.swift */; };
		FE5B714B29E9F177002D92F3 /* GoogleService-Info.plist in Resources */ = {isa = PBXBuildFile; fileRef = FE5B714A29E9F177002D92F3 /* GoogleService-Info.plist */; };
		FE5B714E29E9F206002D92F3 /* FirebaseAnalytics in Frameworks */ = {isa = PBXBuildFile; productRef = FE5B714D29E9F206002D92F3 /* FirebaseAnalytics */; };
		FE5B715029E9F206002D92F3 /* FirebaseAnalyticsOnDeviceConversion in Frameworks */ = {isa = PBXBuildFile; productRef = FE5B714F29E9F206002D92F3 /* FirebaseAnalyticsOnDeviceConversion */; };
		FE5B715229E9F206002D92F3 /* FirebaseAnalyticsSwift in Frameworks */ = {isa = PBXBuildFile; productRef = FE5B715129E9F206002D92F3 /* FirebaseAnalyticsSwift */; };
		FE5B715429E9F206002D92F3 /* FirebaseAnalyticsWithoutAdIdSupport in Frameworks */ = {isa = PBXBuildFile; productRef = FE5B715329E9F206002D92F3 /* FirebaseAnalyticsWithoutAdIdSupport */; };
		FE5B715629E9F206002D92F3 /* FirebaseAppCheck in Frameworks */ = {isa = PBXBuildFile; productRef = FE5B715529E9F206002D92F3 /* FirebaseAppCheck */; };
		FE5B715829E9F206002D92F3 /* FirebaseAppDistribution-Beta in Frameworks */ = {isa = PBXBuildFile; productRef = FE5B715729E9F206002D92F3 /* FirebaseAppDistribution-Beta */; };
		FE5B715A29E9F206002D92F3 /* FirebaseAuth in Frameworks */ = {isa = PBXBuildFile; productRef = FE5B715929E9F206002D92F3 /* FirebaseAuth */; };
		FE5B715C29E9F206002D92F3 /* FirebaseAuthCombine-Community in Frameworks */ = {isa = PBXBuildFile; productRef = FE5B715B29E9F206002D92F3 /* FirebaseAuthCombine-Community */; };
		FE5B715E29E9F206002D92F3 /* FirebaseCrashlytics in Frameworks */ = {isa = PBXBuildFile; productRef = FE5B715D29E9F206002D92F3 /* FirebaseCrashlytics */; };
		FE5B716029E9F206002D92F3 /* FirebaseDatabase in Frameworks */ = {isa = PBXBuildFile; productRef = FE5B715F29E9F206002D92F3 /* FirebaseDatabase */; };
		FE5B716229E9F206002D92F3 /* FirebaseDatabaseSwift in Frameworks */ = {isa = PBXBuildFile; productRef = FE5B716129E9F206002D92F3 /* FirebaseDatabaseSwift */; };
		FE5B716429E9F206002D92F3 /* FirebaseDynamicLinks in Frameworks */ = {isa = PBXBuildFile; productRef = FE5B716329E9F206002D92F3 /* FirebaseDynamicLinks */; };
		FE5B716629E9F206002D92F3 /* FirebaseFirestore in Frameworks */ = {isa = PBXBuildFile; productRef = FE5B716529E9F206002D92F3 /* FirebaseFirestore */; };
		FE5B716829E9F206002D92F3 /* FirebaseFirestoreCombine-Community in Frameworks */ = {isa = PBXBuildFile; productRef = FE5B716729E9F206002D92F3 /* FirebaseFirestoreCombine-Community */; };
		FE5B716A29E9F206002D92F3 /* FirebaseFirestoreSwift in Frameworks */ = {isa = PBXBuildFile; productRef = FE5B716929E9F206002D92F3 /* FirebaseFirestoreSwift */; };
		FE5B716C29E9F206002D92F3 /* FirebaseFunctions in Frameworks */ = {isa = PBXBuildFile; productRef = FE5B716B29E9F206002D92F3 /* FirebaseFunctions */; };
		FE5B716E29E9F206002D92F3 /* FirebaseFunctionsCombine-Community in Frameworks */ = {isa = PBXBuildFile; productRef = FE5B716D29E9F206002D92F3 /* FirebaseFunctionsCombine-Community */; };
		FE5B717029E9F206002D92F3 /* FirebaseInAppMessaging-Beta in Frameworks */ = {isa = PBXBuildFile; productRef = FE5B716F29E9F206002D92F3 /* FirebaseInAppMessaging-Beta */; };
		FE5B717229E9F206002D92F3 /* FirebaseInAppMessagingSwift-Beta in Frameworks */ = {isa = PBXBuildFile; productRef = FE5B717129E9F206002D92F3 /* FirebaseInAppMessagingSwift-Beta */; };
		FE5B717429E9F206002D92F3 /* FirebaseInstallations in Frameworks */ = {isa = PBXBuildFile; productRef = FE5B717329E9F206002D92F3 /* FirebaseInstallations */; };
		FE5B717629E9F206002D92F3 /* FirebaseMLModelDownloader in Frameworks */ = {isa = PBXBuildFile; productRef = FE5B717529E9F206002D92F3 /* FirebaseMLModelDownloader */; };
		FE5B717829E9F206002D92F3 /* FirebaseMessaging in Frameworks */ = {isa = PBXBuildFile; productRef = FE5B717729E9F206002D92F3 /* FirebaseMessaging */; };
		FE5B717A29E9F206002D92F3 /* FirebasePerformance in Frameworks */ = {isa = PBXBuildFile; productRef = FE5B717929E9F206002D92F3 /* FirebasePerformance */; };
		FE5B717C29E9F206002D92F3 /* FirebaseRemoteConfig in Frameworks */ = {isa = PBXBuildFile; productRef = FE5B717B29E9F206002D92F3 /* FirebaseRemoteConfig */; };
		FE5B717E29E9F206002D92F3 /* FirebaseRemoteConfigSwift in Frameworks */ = {isa = PBXBuildFile; productRef = FE5B717D29E9F206002D92F3 /* FirebaseRemoteConfigSwift */; };
		FE5B718029E9F206002D92F3 /* FirebaseStorage in Frameworks */ = {isa = PBXBuildFile; productRef = FE5B717F29E9F206002D92F3 /* FirebaseStorage */; };
		FE5B718229E9F206002D92F3 /* FirebaseStorageCombine-Community in Frameworks */ = {isa = PBXBuildFile; productRef = FE5B718129E9F206002D92F3 /* FirebaseStorageCombine-Community */; };
		FE5B718429E9F2AD002D92F3 /* FirebaseManager.swift in Sources */ = {isa = PBXBuildFile; fileRef = FE5B718329E9F2AD002D92F3 /* FirebaseManager.swift */; };
		FE5B718829E9FD21002D92F3 /* WalkingRecord.swift in Sources */ = {isa = PBXBuildFile; fileRef = FE5B718729E9FD21002D92F3 /* WalkingRecord.swift */; };
		FE9761BD29EB938B00C1ADDE /* RecordItem.swift in Sources */ = {isa = PBXBuildFile; fileRef = FE9761BC29EB938B00C1ADDE /* RecordItem.swift */; };
		FE9761C129EBA0B500C1ADDE /* slippery.png in Resources */ = {isa = PBXBuildFile; fileRef = FE9761BE29EBA0B500C1ADDE /* slippery.png */; };
		FE9761C229EBA0B500C1ADDE /* debris_obstacles.png in Resources */ = {isa = PBXBuildFile; fileRef = FE9761BF29EBA0B500C1ADDE /* debris_obstacles.png */; };
		FE9761C329EBA0B500C1ADDE /* uneven_surface.png in Resources */ = {isa = PBXBuildFile; fileRef = FE9761C029EBA0B500C1ADDE /* uneven_surface.png */; };
		FE9761C629EBA21300C1ADDE /* changes_in_floor_levels.png in Resources */ = {isa = PBXBuildFile; fileRef = FE9761C429EBA21300C1ADDE /* changes_in_floor_levels.png */; };
		FE9761C729EBA21300C1ADDE /* poor_lighting.png in Resources */ = {isa = PBXBuildFile; fileRef = FE9761C529EBA21300C1ADDE /* poor_lighting.png */; };
		FEEBA5A629DF5FD700C0015B /* fall_appApp.swift in Sources */ = {isa = PBXBuildFile; fileRef = FEEBA5A529DF5FD700C0015B /* fall_appApp.swift */; };
		FEEBA5A829DF5FD700C0015B /* ContentView.swift in Sources */ = {isa = PBXBuildFile; fileRef = FEEBA5A729DF5FD700C0015B /* ContentView.swift */; };
		FEEBA5AA29DF5FD800C0015B /* Assets.xcassets in Resources */ = {isa = PBXBuildFile; fileRef = FEEBA5A929DF5FD800C0015B /* Assets.xcassets */; };
		FEEBA5AD29DF5FD800C0015B /* Preview Assets.xcassets in Resources */ = {isa = PBXBuildFile; fileRef = FEEBA5AC29DF5FD800C0015B /* Preview Assets.xcassets */; };
		FEEBA5B729DF5FD800C0015B /* fall_appTests.swift in Sources */ = {isa = PBXBuildFile; fileRef = FEEBA5B629DF5FD800C0015B /* fall_appTests.swift */; };
		FEEBA5C129DF5FD800C0015B /* fall_appUITests.swift in Sources */ = {isa = PBXBuildFile; fileRef = FEEBA5C029DF5FD800C0015B /* fall_appUITests.swift */; };
		FEEBA5C329DF5FD800C0015B /* fall_appUITestsLaunchTests.swift in Sources */ = {isa = PBXBuildFile; fileRef = FEEBA5C229DF5FD800C0015B /* fall_appUITestsLaunchTests.swift */; };
		FEEBA5D029DF8C9A00C0015B /* Survey.swift in Sources */ = {isa = PBXBuildFile; fileRef = FEEBA5CF29DF8C9A00C0015B /* Survey.swift */; };
		FEEBA5D229DF8D4C00C0015B /* Storyboard.storyboard in Resources */ = {isa = PBXBuildFile; fileRef = FEEBA5D129DF8D4C00C0015B /* Storyboard.storyboard */; };
/* End PBXBuildFile section */

/* Begin PBXContainerItemProxy section */
		FEEBA5B329DF5FD800C0015B /* PBXContainerItemProxy */ = {
			isa = PBXContainerItemProxy;
			containerPortal = FEEBA59A29DF5FD700C0015B /* Project object */;
			proxyType = 1;
			remoteGlobalIDString = FEEBA5A129DF5FD700C0015B;
			remoteInfo = "fall-app";
		};
		FEEBA5BD29DF5FD800C0015B /* PBXContainerItemProxy */ = {
			isa = PBXContainerItemProxy;
			containerPortal = FEEBA59A29DF5FD700C0015B /* Project object */;
			proxyType = 1;
			remoteGlobalIDString = FEEBA5A129DF5FD700C0015B;
			remoteInfo = "fall-app";
		};
/* End PBXContainerItemProxy section */

/* Begin PBXFileReference section */
		FE5B712829E0B049002D92F3 /* IconButtonInner.swift */ = {isa = PBXFileReference; lastKnownFileType = sourcecode.swift; path = IconButtonInner.swift; sourceTree = "<group>"; };
		FE5B712A29E0B085002D92F3 /* IconButtonStyle.swift */ = {isa = PBXFileReference; lastKnownFileType = sourcecode.swift; path = IconButtonStyle.swift; sourceTree = "<group>"; };
		FE5B712C29E0B61D002D92F3 /* SurveyTextField.swift */ = {isa = PBXFileReference; lastKnownFileType = sourcecode.swift; path = SurveyTextField.swift; sourceTree = "<group>"; };
		FE5B712E29E0BAEA002D92F3 /* SurveyDropdown.swift */ = {isa = PBXFileReference; lastKnownFileType = sourcecode.swift; path = SurveyDropdown.swift; sourceTree = "<group>"; };
		FE5B713029E0BE9D002D92F3 /* SurveyNumberField.swift */ = {isa = PBXFileReference; lastKnownFileType = sourcecode.swift; path = SurveyNumberField.swift; sourceTree = "<group>"; };
		FE5B713229E202F3002D92F3 /* Toast.swift */ = {isa = PBXFileReference; lastKnownFileType = sourcecode.swift; path = Toast.swift; sourceTree = "<group>"; };
		FE5B713429E7384F002D92F3 /* SurveyMultiCheckbox.swift */ = {isa = PBXFileReference; lastKnownFileType = sourcecode.swift; path = SurveyMultiCheckbox.swift; sourceTree = "<group>"; };
		FE5B713B29E88B10002D92F3 /* test-icon.png */ = {isa = PBXFileReference; lastKnownFileType = image.png; path = "test-icon.png"; sourceTree = "<group>"; };
		FE5B713D29E88D45002D92F3 /* attributions.md */ = {isa = PBXFileReference; lastKnownFileType = net.daringfireball.markdown; path = attributions.md; sourceTree = "<group>"; };
		FE5B713E29E88DC5002D92F3 /* slippery-icon.png */ = {isa = PBXFileReference; lastKnownFileType = image.png; path = "slippery-icon.png"; sourceTree = "<group>"; };
		FE5B714129E89038002D92F3 /* cafe-g47ee2568d_1920.jpg */ = {isa = PBXFileReference; lastKnownFileType = image.jpeg; path = "cafe-g47ee2568d_1920.jpg"; sourceTree = "<group>"; };
		FE5B714429E89369002D92F3 /* MainView.swift */ = {isa = PBXFileReference; lastKnownFileType = sourcecode.swift; path = MainView.swift; sourceTree = "<group>"; };
		FE5B714629E893E9002D92F3 /* HistoryView.swift */ = {isa = PBXFileReference; lastKnownFileType = sourcecode.swift; path = HistoryView.swift; sourceTree = "<group>"; };
		FE5B714829E89417002D92F3 /* DummyView.swift */ = {isa = PBXFileReference; lastKnownFileType = sourcecode.swift; path = DummyView.swift; sourceTree = "<group>"; };
		FE5B714A29E9F177002D92F3 /* GoogleService-Info.plist */ = {isa = PBXFileReference; fileEncoding = 4; lastKnownFileType = text.plist.xml; path = "GoogleService-Info.plist"; sourceTree = "<group>"; };
		FE5B718329E9F2AD002D92F3 /* FirebaseManager.swift */ = {isa = PBXFileReference; lastKnownFileType = sourcecode.swift; path = FirebaseManager.swift; sourceTree = "<group>"; };
		FE5B718729E9FD21002D92F3 /* WalkingRecord.swift */ = {isa = PBXFileReference; lastKnownFileType = sourcecode.swift; path = WalkingRecord.swift; sourceTree = "<group>"; };
		FE9761BC29EB938B00C1ADDE /* RecordItem.swift */ = {isa = PBXFileReference; lastKnownFileType = sourcecode.swift; path = RecordItem.swift; sourceTree = "<group>"; };
		FE9761BE29EBA0B500C1ADDE /* slippery.png */ = {isa = PBXFileReference; lastKnownFileType = image.png; name = slippery.png; path = "fall-app/Icons/slippery.png"; sourceTree = SOURCE_ROOT; };
		FE9761BF29EBA0B500C1ADDE /* debris_obstacles.png */ = {isa = PBXFileReference; lastKnownFileType = image.png; name = debris_obstacles.png; path = "fall-app/Icons/debris_obstacles.png"; sourceTree = SOURCE_ROOT; };
		FE9761C029EBA0B500C1ADDE /* uneven_surface.png */ = {isa = PBXFileReference; lastKnownFileType = image.png; name = uneven_surface.png; path = "fall-app/Icons/uneven_surface.png"; sourceTree = SOURCE_ROOT; };
		FE9761C429EBA21300C1ADDE /* changes_in_floor_levels.png */ = {isa = PBXFileReference; lastKnownFileType = image.png; path = changes_in_floor_levels.png; sourceTree = "<group>"; };
		FE9761C529EBA21300C1ADDE /* poor_lighting.png */ = {isa = PBXFileReference; lastKnownFileType = image.png; path = poor_lighting.png; sourceTree = "<group>"; };
		FE9761C929EBA9F600C1ADDE /* README.md */ = {isa = PBXFileReference; lastKnownFileType = net.daringfireball.markdown; path = README.md; sourceTree = "<group>"; };
		FE9761CA29EBAA2C00C1ADDE /* Firebase.md */ = {isa = PBXFileReference; lastKnownFileType = net.daringfireball.markdown; path = Firebase.md; sourceTree = "<group>"; };
		FEEBA5A229DF5FD700C0015B /* fall-app.app */ = {isa = PBXFileReference; explicitFileType = wrapper.application; includeInIndex = 0; path = "fall-app.app"; sourceTree = BUILT_PRODUCTS_DIR; };
		FEEBA5A529DF5FD700C0015B /* fall_appApp.swift */ = {isa = PBXFileReference; lastKnownFileType = sourcecode.swift; path = fall_appApp.swift; sourceTree = "<group>"; };
		FEEBA5A729DF5FD700C0015B /* ContentView.swift */ = {isa = PBXFileReference; lastKnownFileType = sourcecode.swift; path = ContentView.swift; sourceTree = "<group>"; };
		FEEBA5A929DF5FD800C0015B /* Assets.xcassets */ = {isa = PBXFileReference; lastKnownFileType = folder.assetcatalog; path = Assets.xcassets; sourceTree = "<group>"; };
		FEEBA5AC29DF5FD800C0015B /* Preview Assets.xcassets */ = {isa = PBXFileReference; lastKnownFileType = folder.assetcatalog; path = "Preview Assets.xcassets"; sourceTree = "<group>"; };
		FEEBA5B229DF5FD800C0015B /* fall-appTests.xctest */ = {isa = PBXFileReference; explicitFileType = wrapper.cfbundle; includeInIndex = 0; path = "fall-appTests.xctest"; sourceTree = BUILT_PRODUCTS_DIR; };
		FEEBA5B629DF5FD800C0015B /* fall_appTests.swift */ = {isa = PBXFileReference; lastKnownFileType = sourcecode.swift; path = fall_appTests.swift; sourceTree = "<group>"; };
		FEEBA5BC29DF5FD800C0015B /* fall-appUITests.xctest */ = {isa = PBXFileReference; explicitFileType = wrapper.cfbundle; includeInIndex = 0; path = "fall-appUITests.xctest"; sourceTree = BUILT_PRODUCTS_DIR; };
		FEEBA5C029DF5FD800C0015B /* fall_appUITests.swift */ = {isa = PBXFileReference; lastKnownFileType = sourcecode.swift; path = fall_appUITests.swift; sourceTree = "<group>"; };
		FEEBA5C229DF5FD800C0015B /* fall_appUITestsLaunchTests.swift */ = {isa = PBXFileReference; lastKnownFileType = sourcecode.swift; path = fall_appUITestsLaunchTests.swift; sourceTree = "<group>"; };
		FEEBA5CF29DF8C9A00C0015B /* Survey.swift */ = {isa = PBXFileReference; lastKnownFileType = sourcecode.swift; path = Survey.swift; sourceTree = "<group>"; };
		FEEBA5D129DF8D4C00C0015B /* Storyboard.storyboard */ = {isa = PBXFileReference; lastKnownFileType = file.storyboard; path = Storyboard.storyboard; sourceTree = "<group>"; };
/* End PBXFileReference section */

/* Begin PBXFrameworksBuildPhase section */
		FEEBA59F29DF5FD700C0015B /* Frameworks */ = {
			isa = PBXFrameworksBuildPhase;
			buildActionMask = 2147483647;
			files = (
				FE5B716029E9F206002D92F3 /* FirebaseDatabase in Frameworks */,
				FE5B716E29E9F206002D92F3 /* FirebaseFunctionsCombine-Community in Frameworks */,
				FE5B716629E9F206002D92F3 /* FirebaseFirestore in Frameworks */,
				FE5B715229E9F206002D92F3 /* FirebaseAnalyticsSwift in Frameworks */,
				FE5B714E29E9F206002D92F3 /* FirebaseAnalytics in Frameworks */,
				FE5B715029E9F206002D92F3 /* FirebaseAnalyticsOnDeviceConversion in Frameworks */,
				FE5B717629E9F206002D92F3 /* FirebaseMLModelDownloader in Frameworks */,
				FE5B716A29E9F206002D92F3 /* FirebaseFirestoreSwift in Frameworks */,
				FE5B715629E9F206002D92F3 /* FirebaseAppCheck in Frameworks */,
				FE5B715429E9F206002D92F3 /* FirebaseAnalyticsWithoutAdIdSupport in Frameworks */,
				FE5B715A29E9F206002D92F3 /* FirebaseAuth in Frameworks */,
				FE5B715E29E9F206002D92F3 /* FirebaseCrashlytics in Frameworks */,
				FE5B717E29E9F206002D92F3 /* FirebaseRemoteConfigSwift in Frameworks */,
				FE5B717029E9F206002D92F3 /* FirebaseInAppMessaging-Beta in Frameworks */,
				FE5B716229E9F206002D92F3 /* FirebaseDatabaseSwift in Frameworks */,
				FE5B716C29E9F206002D92F3 /* FirebaseFunctions in Frameworks */,
				FE5B718229E9F206002D92F3 /* FirebaseStorageCombine-Community in Frameworks */,
				FE5B717C29E9F206002D92F3 /* FirebaseRemoteConfig in Frameworks */,
				FE5B715829E9F206002D92F3 /* FirebaseAppDistribution-Beta in Frameworks */,
				FE5B715C29E9F206002D92F3 /* FirebaseAuthCombine-Community in Frameworks */,
				FE5B717A29E9F206002D92F3 /* FirebasePerformance in Frameworks */,
				FE5B717229E9F206002D92F3 /* FirebaseInAppMessagingSwift-Beta in Frameworks */,
				FE5B718029E9F206002D92F3 /* FirebaseStorage in Frameworks */,
				FE5B716429E9F206002D92F3 /* FirebaseDynamicLinks in Frameworks */,
				FE5B716829E9F206002D92F3 /* FirebaseFirestoreCombine-Community in Frameworks */,
				FE5B717829E9F206002D92F3 /* FirebaseMessaging in Frameworks */,
				FE5B717429E9F206002D92F3 /* FirebaseInstallations in Frameworks */,
			);
			runOnlyForDeploymentPostprocessing = 0;
		};
		FEEBA5AF29DF5FD800C0015B /* Frameworks */ = {
			isa = PBXFrameworksBuildPhase;
			buildActionMask = 2147483647;
			files = (
			);
			runOnlyForDeploymentPostprocessing = 0;
		};
		FEEBA5B929DF5FD800C0015B /* Frameworks */ = {
			isa = PBXFrameworksBuildPhase;
			buildActionMask = 2147483647;
			files = (
			);
			runOnlyForDeploymentPostprocessing = 0;
		};
/* End PBXFrameworksBuildPhase section */

/* Begin PBXGroup section */
		FE5B712729E0B01C002D92F3 /* UI */ = {
			isa = PBXGroup;
			children = (
				FE5B712829E0B049002D92F3 /* IconButtonInner.swift */,
				FE5B712A29E0B085002D92F3 /* IconButtonStyle.swift */,
				FE5B712E29E0BAEA002D92F3 /* SurveyDropdown.swift */,
				FE5B713429E7384F002D92F3 /* SurveyMultiCheckbox.swift */,
				FE5B712C29E0B61D002D92F3 /* SurveyTextField.swift */,
				FE5B713029E0BE9D002D92F3 /* SurveyNumberField.swift */,
				FE5B713229E202F3002D92F3 /* Toast.swift */,
				FE9761BC29EB938B00C1ADDE /* RecordItem.swift */,
			);
			path = UI;
			sourceTree = "<group>";
		};
		FE5B713629E88944002D92F3 /* Icons */ = {
			isa = PBXGroup;
			children = (
				FE9761C429EBA21300C1ADDE /* changes_in_floor_levels.png */,
				FE9761C529EBA21300C1ADDE /* poor_lighting.png */,
				FE5B713E29E88DC5002D92F3 /* slippery-icon.png */,
				FE9761BE29EBA0B500C1ADDE /* slippery.png */,
				FE9761C029EBA0B500C1ADDE /* uneven_surface.png */,
				FE9761BF29EBA0B500C1ADDE /* debris_obstacles.png */,
			);
			path = Icons;
			sourceTree = "<group>";
		};
		FE5B714029E8902B002D92F3 /* Images */ = {
			isa = PBXGroup;
			children = (
				FE5B714129E89038002D92F3 /* cafe-g47ee2568d_1920.jpg */,
			);
			path = Images;
			sourceTree = "<group>";
		};
		FE5B714329E8933B002D92F3 /* Views */ = {
			isa = PBXGroup;
			children = (
				FEEBA5CF29DF8C9A00C0015B /* Survey.swift */,
				FE5B714429E89369002D92F3 /* MainView.swift */,
				FE5B714629E893E9002D92F3 /* HistoryView.swift */,
				FE5B714829E89417002D92F3 /* DummyView.swift */,
			);
			path = Views;
			sourceTree = "<group>";
		};
		FE9761C829EBA9E900C1ADDE /* Documentation */ = {
			isa = PBXGroup;
			children = (
				FE9761C929EBA9F600C1ADDE /* README.md */,
				FE9761CA29EBAA2C00C1ADDE /* Firebase.md */,
			);
			path = Documentation;
			sourceTree = "<group>";
		};
		FEEBA59929DF5FD700C0015B = {
			isa = PBXGroup;
			children = (
				FEEBA5D329DFC45700C0015B /* Packages */,
				FEEBA5A429DF5FD700C0015B /* fall-app */,
				FEEBA5B529DF5FD800C0015B /* fall-appTests */,
				FEEBA5BF29DF5FD800C0015B /* fall-appUITests */,
				FEEBA5A329DF5FD700C0015B /* Products */,
			);
			sourceTree = "<group>";
		};
		FEEBA5A329DF5FD700C0015B /* Products */ = {
			isa = PBXGroup;
			children = (
				FEEBA5A229DF5FD700C0015B /* fall-app.app */,
				FEEBA5B229DF5FD800C0015B /* fall-appTests.xctest */,
				FEEBA5BC29DF5FD800C0015B /* fall-appUITests.xctest */,
			);
			name = Products;
			sourceTree = "<group>";
		};
		FEEBA5A429DF5FD700C0015B /* fall-app */ = {
			isa = PBXGroup;
			children = (
				FE9761C829EBA9E900C1ADDE /* Documentation */,
				FE5B714A29E9F177002D92F3 /* GoogleService-Info.plist */,
				FE5B713629E88944002D92F3 /* Icons */,
				FE5B714329E8933B002D92F3 /* Views */,
				FE5B714029E8902B002D92F3 /* Images */,
				FE5B712729E0B01C002D92F3 /* UI */,
				FEEBA5A529DF5FD700C0015B /* fall_appApp.swift */,
				FEEBA5A729DF5FD700C0015B /* ContentView.swift */,
				FEEBA5A929DF5FD800C0015B /* Assets.xcassets */,
				FE5B713B29E88B10002D92F3 /* test-icon.png */,
				FEEBA5AB29DF5FD800C0015B /* Preview Content */,
				FEEBA5D129DF8D4C00C0015B /* Storyboard.storyboard */,
				FE5B713D29E88D45002D92F3 /* attributions.md */,
				FE5B718329E9F2AD002D92F3 /* FirebaseManager.swift */,
				FE5B718729E9FD21002D92F3 /* WalkingRecord.swift */,
			);
			path = "fall-app";
			sourceTree = "<group>";
		};
		FEEBA5AB29DF5FD800C0015B /* Preview Content */ = {
			isa = PBXGroup;
			children = (
				FEEBA5AC29DF5FD800C0015B /* Preview Assets.xcassets */,
			);
			path = "Preview Content";
			sourceTree = "<group>";
		};
		FEEBA5B529DF5FD800C0015B /* fall-appTests */ = {
			isa = PBXGroup;
			children = (
				FEEBA5B629DF5FD800C0015B /* fall_appTests.swift */,
			);
			path = "fall-appTests";
			sourceTree = "<group>";
		};
		FEEBA5BF29DF5FD800C0015B /* fall-appUITests */ = {
			isa = PBXGroup;
			children = (
				FEEBA5C029DF5FD800C0015B /* fall_appUITests.swift */,
				FEEBA5C229DF5FD800C0015B /* fall_appUITestsLaunchTests.swift */,
			);
			path = "fall-appUITests";
			sourceTree = "<group>";
		};
		FEEBA5D329DFC45700C0015B /* Packages */ = {
			isa = PBXGroup;
			children = (
			);
			name = Packages;
			sourceTree = "<group>";
		};
/* End PBXGroup section */

/* Begin PBXNativeTarget section */
		FEEBA5A129DF5FD700C0015B /* fall-app */ = {
			isa = PBXNativeTarget;
			buildConfigurationList = FEEBA5C629DF5FD800C0015B /* Build configuration list for PBXNativeTarget "fall-app" */;
			buildPhases = (
				FEEBA59E29DF5FD700C0015B /* Sources */,
				FEEBA59F29DF5FD700C0015B /* Frameworks */,
				FEEBA5A029DF5FD700C0015B /* Resources */,
			);
			buildRules = (
			);
			dependencies = (
			);
			name = "fall-app";
			packageProductDependencies = (
				FE5B714D29E9F206002D92F3 /* FirebaseAnalytics */,
				FE5B714F29E9F206002D92F3 /* FirebaseAnalyticsOnDeviceConversion */,
				FE5B715129E9F206002D92F3 /* FirebaseAnalyticsSwift */,
				FE5B715329E9F206002D92F3 /* FirebaseAnalyticsWithoutAdIdSupport */,
				FE5B715529E9F206002D92F3 /* FirebaseAppCheck */,
				FE5B715729E9F206002D92F3 /* FirebaseAppDistribution-Beta */,
				FE5B715929E9F206002D92F3 /* FirebaseAuth */,
				FE5B715B29E9F206002D92F3 /* FirebaseAuthCombine-Community */,
				FE5B715D29E9F206002D92F3 /* FirebaseCrashlytics */,
				FE5B715F29E9F206002D92F3 /* FirebaseDatabase */,
				FE5B716129E9F206002D92F3 /* FirebaseDatabaseSwift */,
				FE5B716329E9F206002D92F3 /* FirebaseDynamicLinks */,
				FE5B716529E9F206002D92F3 /* FirebaseFirestore */,
				FE5B716729E9F206002D92F3 /* FirebaseFirestoreCombine-Community */,
				FE5B716929E9F206002D92F3 /* FirebaseFirestoreSwift */,
				FE5B716B29E9F206002D92F3 /* FirebaseFunctions */,
				FE5B716D29E9F206002D92F3 /* FirebaseFunctionsCombine-Community */,
				FE5B716F29E9F206002D92F3 /* FirebaseInAppMessaging-Beta */,
				FE5B717129E9F206002D92F3 /* FirebaseInAppMessagingSwift-Beta */,
				FE5B717329E9F206002D92F3 /* FirebaseInstallations */,
				FE5B717529E9F206002D92F3 /* FirebaseMLModelDownloader */,
				FE5B717729E9F206002D92F3 /* FirebaseMessaging */,
				FE5B717929E9F206002D92F3 /* FirebasePerformance */,
				FE5B717B29E9F206002D92F3 /* FirebaseRemoteConfig */,
				FE5B717D29E9F206002D92F3 /* FirebaseRemoteConfigSwift */,
				FE5B717F29E9F206002D92F3 /* FirebaseStorage */,
				FE5B718129E9F206002D92F3 /* FirebaseStorageCombine-Community */,
			);
			productName = "fall-app";
			productReference = FEEBA5A229DF5FD700C0015B /* fall-app.app */;
			productType = "com.apple.product-type.application";
		};
		FEEBA5B129DF5FD800C0015B /* fall-appTests */ = {
			isa = PBXNativeTarget;
			buildConfigurationList = FEEBA5C929DF5FD800C0015B /* Build configuration list for PBXNativeTarget "fall-appTests" */;
			buildPhases = (
				FEEBA5AE29DF5FD800C0015B /* Sources */,
				FEEBA5AF29DF5FD800C0015B /* Frameworks */,
				FEEBA5B029DF5FD800C0015B /* Resources */,
			);
			buildRules = (
			);
			dependencies = (
				FEEBA5B429DF5FD800C0015B /* PBXTargetDependency */,
			);
			name = "fall-appTests";
			productName = "fall-appTests";
			productReference = FEEBA5B229DF5FD800C0015B /* fall-appTests.xctest */;
			productType = "com.apple.product-type.bundle.unit-test";
		};
		FEEBA5BB29DF5FD800C0015B /* fall-appUITests */ = {
			isa = PBXNativeTarget;
			buildConfigurationList = FEEBA5CC29DF5FD800C0015B /* Build configuration list for PBXNativeTarget "fall-appUITests" */;
			buildPhases = (
				FEEBA5B829DF5FD800C0015B /* Sources */,
				FEEBA5B929DF5FD800C0015B /* Frameworks */,
				FEEBA5BA29DF5FD800C0015B /* Resources */,
			);
			buildRules = (
			);
			dependencies = (
				FEEBA5BE29DF5FD800C0015B /* PBXTargetDependency */,
			);
			name = "fall-appUITests";
			productName = "fall-appUITests";
			productReference = FEEBA5BC29DF5FD800C0015B /* fall-appUITests.xctest */;
			productType = "com.apple.product-type.bundle.ui-testing";
		};
/* End PBXNativeTarget section */

/* Begin PBXProject section */
		FEEBA59A29DF5FD700C0015B /* Project object */ = {
			isa = PBXProject;
			attributes = {
				BuildIndependentTargetsInParallel = 1;
				LastSwiftUpdateCheck = 1420;
				LastUpgradeCheck = 1420;
				TargetAttributes = {
					FEEBA5A129DF5FD700C0015B = {
						CreatedOnToolsVersion = 14.2;
					};
					FEEBA5B129DF5FD800C0015B = {
						CreatedOnToolsVersion = 14.2;
						TestTargetID = FEEBA5A129DF5FD700C0015B;
					};
					FEEBA5BB29DF5FD800C0015B = {
						CreatedOnToolsVersion = 14.2;
						TestTargetID = FEEBA5A129DF5FD700C0015B;
					};
				};
			};
			buildConfigurationList = FEEBA59D29DF5FD700C0015B /* Build configuration list for PBXProject "fall-app" */;
			compatibilityVersion = "Xcode 14.0";
			developmentRegion = en;
			hasScannedForEncodings = 0;
			knownRegions = (
				en,
				Base,
			);
			mainGroup = FEEBA59929DF5FD700C0015B;
			packageReferences = (
				FE5B714C29E9F206002D92F3 /* XCRemoteSwiftPackageReference "firebase-ios-sdk" */,
			);
			productRefGroup = FEEBA5A329DF5FD700C0015B /* Products */;
			projectDirPath = "";
			projectRoot = "";
			targets = (
				FEEBA5A129DF5FD700C0015B /* fall-app */,
				FEEBA5B129DF5FD800C0015B /* fall-appTests */,
				FEEBA5BB29DF5FD800C0015B /* fall-appUITests */,
			);
		};
/* End PBXProject section */

/* Begin PBXResourcesBuildPhase section */
		FEEBA5A029DF5FD700C0015B /* Resources */ = {
			isa = PBXResourcesBuildPhase;
			buildActionMask = 2147483647;
			files = (
				FE9761C329EBA0B500C1ADDE /* uneven_surface.png in Resources */,
				FE9761C729EBA21300C1ADDE /* poor_lighting.png in Resources */,
				FEEBA5AD29DF5FD800C0015B /* Preview Assets.xcassets in Resources */,
				FE5B713F29E88DC5002D92F3 /* slippery-icon.png in Resources */,
				FE9761C629EBA21300C1ADDE /* changes_in_floor_levels.png in Resources */,
				FEEBA5AA29DF5FD800C0015B /* Assets.xcassets in Resources */,
				FE5B713C29E88B10002D92F3 /* test-icon.png in Resources */,
				FEEBA5D229DF8D4C00C0015B /* Storyboard.storyboard in Resources */,
				FE5B714229E89038002D92F3 /* cafe-g47ee2568d_1920.jpg in Resources */,
				FE9761C229EBA0B500C1ADDE /* debris_obstacles.png in Resources */,
				FE5B714B29E9F177002D92F3 /* GoogleService-Info.plist in Resources */,
				FE9761C129EBA0B500C1ADDE /* slippery.png in Resources */,
			);
			runOnlyForDeploymentPostprocessing = 0;
		};
		FEEBA5B029DF5FD800C0015B /* Resources */ = {
			isa = PBXResourcesBuildPhase;
			buildActionMask = 2147483647;
			files = (
			);
			runOnlyForDeploymentPostprocessing = 0;
		};
		FEEBA5BA29DF5FD800C0015B /* Resources */ = {
			isa = PBXResourcesBuildPhase;
			buildActionMask = 2147483647;
			files = (
			);
			runOnlyForDeploymentPostprocessing = 0;
		};
/* End PBXResourcesBuildPhase section */

/* Begin PBXSourcesBuildPhase section */
		FEEBA59E29DF5FD700C0015B /* Sources */ = {
			isa = PBXSourcesBuildPhase;
			buildActionMask = 2147483647;
			files = (
				FE5B714929E89417002D92F3 /* DummyView.swift in Sources */,
				FEEBA5D029DF8C9A00C0015B /* Survey.swift in Sources */,
				FE5B718429E9F2AD002D92F3 /* FirebaseManager.swift in Sources */,
				FE5B718829E9FD21002D92F3 /* WalkingRecord.swift in Sources */,
				FE5B714729E893E9002D92F3 /* HistoryView.swift in Sources */,
				FE5B712B29E0B085002D92F3 /* IconButtonStyle.swift in Sources */,
				FEEBA5A829DF5FD700C0015B /* ContentView.swift in Sources */,
				FE5B712F29E0BAEA002D92F3 /* SurveyDropdown.swift in Sources */,
				FEEBA5A629DF5FD700C0015B /* fall_appApp.swift in Sources */,
				FE9761BD29EB938B00C1ADDE /* RecordItem.swift in Sources */,
				FE5B713129E0BE9D002D92F3 /* SurveyNumberField.swift in Sources */,
				FE5B712929E0B049002D92F3 /* IconButtonInner.swift in Sources */,
				FE5B714529E89369002D92F3 /* MainView.swift in Sources */,
				FE5B713329E202F3002D92F3 /* Toast.swift in Sources */,
				FE5B713529E7384F002D92F3 /* SurveyMultiCheckbox.swift in Sources */,
				FE5B712D29E0B61D002D92F3 /* SurveyTextField.swift in Sources */,
			);
			runOnlyForDeploymentPostprocessing = 0;
		};
		FEEBA5AE29DF5FD800C0015B /* Sources */ = {
			isa = PBXSourcesBuildPhase;
			buildActionMask = 2147483647;
			files = (
				FEEBA5B729DF5FD800C0015B /* fall_appTests.swift in Sources */,
			);
			runOnlyForDeploymentPostprocessing = 0;
		};
		FEEBA5B829DF5FD800C0015B /* Sources */ = {
			isa = PBXSourcesBuildPhase;
			buildActionMask = 2147483647;
			files = (
				FEEBA5C329DF5FD800C0015B /* fall_appUITestsLaunchTests.swift in Sources */,
				FEEBA5C129DF5FD800C0015B /* fall_appUITests.swift in Sources */,
			);
			runOnlyForDeploymentPostprocessing = 0;
		};
/* End PBXSourcesBuildPhase section */

/* Begin PBXTargetDependency section */
		FEEBA5B429DF5FD800C0015B /* PBXTargetDependency */ = {
			isa = PBXTargetDependency;
			target = FEEBA5A129DF5FD700C0015B /* fall-app */;
			targetProxy = FEEBA5B329DF5FD800C0015B /* PBXContainerItemProxy */;
		};
		FEEBA5BE29DF5FD800C0015B /* PBXTargetDependency */ = {
			isa = PBXTargetDependency;
			target = FEEBA5A129DF5FD700C0015B /* fall-app */;
			targetProxy = FEEBA5BD29DF5FD800C0015B /* PBXContainerItemProxy */;
		};
/* End PBXTargetDependency section */

/* Begin XCBuildConfiguration section */
		FEEBA5C429DF5FD800C0015B /* Debug */ = {
			isa = XCBuildConfiguration;
			buildSettings = {
				ALWAYS_SEARCH_USER_PATHS = NO;
				CLANG_ANALYZER_NONNULL = YES;
				CLANG_ANALYZER_NUMBER_OBJECT_CONVERSION = YES_AGGRESSIVE;
				CLANG_CXX_LANGUAGE_STANDARD = "gnu++20";
				CLANG_ENABLE_MODULES = YES;
				CLANG_ENABLE_OBJC_ARC = YES;
				CLANG_ENABLE_OBJC_WEAK = YES;
				CLANG_WARN_BLOCK_CAPTURE_AUTORELEASING = YES;
				CLANG_WARN_BOOL_CONVERSION = YES;
				CLANG_WARN_COMMA = YES;
				CLANG_WARN_CONSTANT_CONVERSION = YES;
				CLANG_WARN_DEPRECATED_OBJC_IMPLEMENTATIONS = YES;
				CLANG_WARN_DIRECT_OBJC_ISA_USAGE = YES_ERROR;
				CLANG_WARN_DOCUMENTATION_COMMENTS = YES;
				CLANG_WARN_EMPTY_BODY = YES;
				CLANG_WARN_ENUM_CONVERSION = YES;
				CLANG_WARN_INFINITE_RECURSION = YES;
				CLANG_WARN_INT_CONVERSION = YES;
				CLANG_WARN_NON_LITERAL_NULL_CONVERSION = YES;
				CLANG_WARN_OBJC_IMPLICIT_RETAIN_SELF = YES;
				CLANG_WARN_OBJC_LITERAL_CONVERSION = YES;
				CLANG_WARN_OBJC_ROOT_CLASS = YES_ERROR;
				CLANG_WARN_QUOTED_INCLUDE_IN_FRAMEWORK_HEADER = YES;
				CLANG_WARN_RANGE_LOOP_ANALYSIS = YES;
				CLANG_WARN_STRICT_PROTOTYPES = YES;
				CLANG_WARN_SUSPICIOUS_MOVE = YES;
				CLANG_WARN_UNGUARDED_AVAILABILITY = YES_AGGRESSIVE;
				CLANG_WARN_UNREACHABLE_CODE = YES;
				CLANG_WARN__DUPLICATE_METHOD_MATCH = YES;
				COPY_PHASE_STRIP = NO;
				DEBUG_INFORMATION_FORMAT = dwarf;
				ENABLE_STRICT_OBJC_MSGSEND = YES;
				ENABLE_TESTABILITY = YES;
				GCC_C_LANGUAGE_STANDARD = gnu11;
				GCC_DYNAMIC_NO_PIC = NO;
				GCC_NO_COMMON_BLOCKS = YES;
				GCC_OPTIMIZATION_LEVEL = 0;
				GCC_PREPROCESSOR_DEFINITIONS = (
					"DEBUG=1",
					"$(inherited)",
				);
				GCC_WARN_64_TO_32_BIT_CONVERSION = YES;
				GCC_WARN_ABOUT_RETURN_TYPE = YES_ERROR;
				GCC_WARN_UNDECLARED_SELECTOR = YES;
				GCC_WARN_UNINITIALIZED_AUTOS = YES_AGGRESSIVE;
				GCC_WARN_UNUSED_FUNCTION = YES;
				GCC_WARN_UNUSED_VARIABLE = YES;
				IPHONEOS_DEPLOYMENT_TARGET = 16.2;
				MTL_ENABLE_DEBUG_INFO = INCLUDE_SOURCE;
				MTL_FAST_MATH = YES;
				ONLY_ACTIVE_ARCH = YES;
				SDKROOT = iphoneos;
				SWIFT_ACTIVE_COMPILATION_CONDITIONS = DEBUG;
				SWIFT_OPTIMIZATION_LEVEL = "-Onone";
			};
			name = Debug;
		};
		FEEBA5C529DF5FD800C0015B /* Release */ = {
			isa = XCBuildConfiguration;
			buildSettings = {
				ALWAYS_SEARCH_USER_PATHS = NO;
				CLANG_ANALYZER_NONNULL = YES;
				CLANG_ANALYZER_NUMBER_OBJECT_CONVERSION = YES_AGGRESSIVE;
				CLANG_CXX_LANGUAGE_STANDARD = "gnu++20";
				CLANG_ENABLE_MODULES = YES;
				CLANG_ENABLE_OBJC_ARC = YES;
				CLANG_ENABLE_OBJC_WEAK = YES;
				CLANG_WARN_BLOCK_CAPTURE_AUTORELEASING = YES;
				CLANG_WARN_BOOL_CONVERSION = YES;
				CLANG_WARN_COMMA = YES;
				CLANG_WARN_CONSTANT_CONVERSION = YES;
				CLANG_WARN_DEPRECATED_OBJC_IMPLEMENTATIONS = YES;
				CLANG_WARN_DIRECT_OBJC_ISA_USAGE = YES_ERROR;
				CLANG_WARN_DOCUMENTATION_COMMENTS = YES;
				CLANG_WARN_EMPTY_BODY = YES;
				CLANG_WARN_ENUM_CONVERSION = YES;
				CLANG_WARN_INFINITE_RECURSION = YES;
				CLANG_WARN_INT_CONVERSION = YES;
				CLANG_WARN_NON_LITERAL_NULL_CONVERSION = YES;
				CLANG_WARN_OBJC_IMPLICIT_RETAIN_SELF = YES;
				CLANG_WARN_OBJC_LITERAL_CONVERSION = YES;
				CLANG_WARN_OBJC_ROOT_CLASS = YES_ERROR;
				CLANG_WARN_QUOTED_INCLUDE_IN_FRAMEWORK_HEADER = YES;
				CLANG_WARN_RANGE_LOOP_ANALYSIS = YES;
				CLANG_WARN_STRICT_PROTOTYPES = YES;
				CLANG_WARN_SUSPICIOUS_MOVE = YES;
				CLANG_WARN_UNGUARDED_AVAILABILITY = YES_AGGRESSIVE;
				CLANG_WARN_UNREACHABLE_CODE = YES;
				CLANG_WARN__DUPLICATE_METHOD_MATCH = YES;
				COPY_PHASE_STRIP = NO;
				DEBUG_INFORMATION_FORMAT = "dwarf-with-dsym";
				ENABLE_NS_ASSERTIONS = NO;
				ENABLE_STRICT_OBJC_MSGSEND = YES;
				GCC_C_LANGUAGE_STANDARD = gnu11;
				GCC_NO_COMMON_BLOCKS = YES;
				GCC_WARN_64_TO_32_BIT_CONVERSION = YES;
				GCC_WARN_ABOUT_RETURN_TYPE = YES_ERROR;
				GCC_WARN_UNDECLARED_SELECTOR = YES;
				GCC_WARN_UNINITIALIZED_AUTOS = YES_AGGRESSIVE;
				GCC_WARN_UNUSED_FUNCTION = YES;
				GCC_WARN_UNUSED_VARIABLE = YES;
				IPHONEOS_DEPLOYMENT_TARGET = 16.2;
				MTL_ENABLE_DEBUG_INFO = NO;
				MTL_FAST_MATH = YES;
				SDKROOT = iphoneos;
				SWIFT_COMPILATION_MODE = wholemodule;
				SWIFT_OPTIMIZATION_LEVEL = "-O";
				VALIDATE_PRODUCT = YES;
			};
			name = Release;
		};
		FEEBA5C729DF5FD800C0015B /* Debug */ = {
			isa = XCBuildConfiguration;
			buildSettings = {
				ASSETCATALOG_COMPILER_APPICON_NAME = AppIcon;
				ASSETCATALOG_COMPILER_GLOBAL_ACCENT_COLOR_NAME = AccentColor;
				CODE_SIGN_STYLE = Automatic;
				CURRENT_PROJECT_VERSION = 1;
				DEVELOPMENT_ASSET_PATHS = "\"fall-app/Preview Content\"";
				DEVELOPMENT_TEAM = F965F5ZKX8;
				ENABLE_PREVIEWS = YES;
				GENERATE_INFOPLIST_FILE = YES;
				INFOPLIST_KEY_CFBundleDisplayName = "DPM Fall App";
				INFOPLIST_KEY_UIApplicationSceneManifest_Generation = YES;
				INFOPLIST_KEY_UIApplicationSupportsIndirectInputEvents = YES;
				INFOPLIST_KEY_UILaunchScreen_Generation = YES;
				INFOPLIST_KEY_UIStatusBarStyle = "";
				INFOPLIST_KEY_UISupportedInterfaceOrientations = UIInterfaceOrientationPortrait;
				INFOPLIST_KEY_UISupportedInterfaceOrientations_iPad = "UIInterfaceOrientationLandscapeLeft UIInterfaceOrientationLandscapeRight UIInterfaceOrientationPortrait UIInterfaceOrientationPortraitUpsideDown";
				IPHONEOS_DEPLOYMENT_TARGET = 16.0;
				LD_RUNPATH_SEARCH_PATHS = (
					"$(inherited)",
					"@executable_path/Frameworks",
				);
				MARKETING_VERSION = 0.0.1;
				PRODUCT_BUNDLE_IDENTIFIER = "umich.dpm.fall-app";
				PRODUCT_NAME = "$(TARGET_NAME)";
				SWIFT_EMIT_LOC_STRINGS = YES;
				SWIFT_VERSION = 5.0;
				TARGETED_DEVICE_FAMILY = 1;
			};
			name = Debug;
		};
		FEEBA5C829DF5FD800C0015B /* Release */ = {
			isa = XCBuildConfiguration;
			buildSettings = {
				ASSETCATALOG_COMPILER_APPICON_NAME = AppIcon;
				ASSETCATALOG_COMPILER_GLOBAL_ACCENT_COLOR_NAME = AccentColor;
				CODE_SIGN_STYLE = Automatic;
				CURRENT_PROJECT_VERSION = 1;
				DEVELOPMENT_ASSET_PATHS = "\"fall-app/Preview Content\"";
				DEVELOPMENT_TEAM = F965F5ZKX8;
				ENABLE_PREVIEWS = YES;
				GENERATE_INFOPLIST_FILE = YES;
				INFOPLIST_KEY_CFBundleDisplayName = "DPM Fall App";
				INFOPLIST_KEY_UIApplicationSceneManifest_Generation = YES;
				INFOPLIST_KEY_UIApplicationSupportsIndirectInputEvents = YES;
				INFOPLIST_KEY_UILaunchScreen_Generation = YES;
				INFOPLIST_KEY_UIStatusBarStyle = "";
				INFOPLIST_KEY_UISupportedInterfaceOrientations = UIInterfaceOrientationPortrait;
				INFOPLIST_KEY_UISupportedInterfaceOrientations_iPad = "UIInterfaceOrientationLandscapeLeft UIInterfaceOrientationLandscapeRight UIInterfaceOrientationPortrait UIInterfaceOrientationPortraitUpsideDown";
				IPHONEOS_DEPLOYMENT_TARGET = 16.0;
				LD_RUNPATH_SEARCH_PATHS = (
					"$(inherited)",
					"@executable_path/Frameworks",
				);
				MARKETING_VERSION = 0.0.1;
				PRODUCT_BUNDLE_IDENTIFIER = "umich.dpm.fall-app";
				PRODUCT_NAME = "$(TARGET_NAME)";
				SWIFT_EMIT_LOC_STRINGS = YES;
				SWIFT_VERSION = 5.0;
				TARGETED_DEVICE_FAMILY = 1;
			};
			name = Release;
		};
		FEEBA5CA29DF5FD800C0015B /* Debug */ = {
			isa = XCBuildConfiguration;
			buildSettings = {
				ALWAYS_EMBED_SWIFT_STANDARD_LIBRARIES = YES;
				BUNDLE_LOADER = "$(TEST_HOST)";
				CODE_SIGN_STYLE = Automatic;
				CURRENT_PROJECT_VERSION = 1;
				DEVELOPMENT_TEAM = F965F5ZKX8;
				GENERATE_INFOPLIST_FILE = YES;
				IPHONEOS_DEPLOYMENT_TARGET = 16.2;
				MARKETING_VERSION = 1.0;
				PRODUCT_BUNDLE_IDENTIFIER = "dpm.fall-appTests";
				PRODUCT_NAME = "$(TARGET_NAME)";
				SWIFT_EMIT_LOC_STRINGS = NO;
				SWIFT_VERSION = 5.0;
				TARGETED_DEVICE_FAMILY = "1,2";
				TEST_HOST = "$(BUILT_PRODUCTS_DIR)/fall-app.app/$(BUNDLE_EXECUTABLE_FOLDER_PATH)/fall-app";
			};
			name = Debug;
		};
		FEEBA5CB29DF5FD800C0015B /* Release */ = {
			isa = XCBuildConfiguration;
			buildSettings = {
				ALWAYS_EMBED_SWIFT_STANDARD_LIBRARIES = YES;
				BUNDLE_LOADER = "$(TEST_HOST)";
				CODE_SIGN_STYLE = Automatic;
				CURRENT_PROJECT_VERSION = 1;
				DEVELOPMENT_TEAM = F965F5ZKX8;
				GENERATE_INFOPLIST_FILE = YES;
				IPHONEOS_DEPLOYMENT_TARGET = 16.2;
				MARKETING_VERSION = 1.0;
				PRODUCT_BUNDLE_IDENTIFIER = "dpm.fall-appTests";
				PRODUCT_NAME = "$(TARGET_NAME)";
				SWIFT_EMIT_LOC_STRINGS = NO;
				SWIFT_VERSION = 5.0;
				TARGETED_DEVICE_FAMILY = "1,2";
				TEST_HOST = "$(BUILT_PRODUCTS_DIR)/fall-app.app/$(BUNDLE_EXECUTABLE_FOLDER_PATH)/fall-app";
			};
			name = Release;
		};
		FEEBA5CD29DF5FD800C0015B /* Debug */ = {
			isa = XCBuildConfiguration;
			buildSettings = {
				ALWAYS_EMBED_SWIFT_STANDARD_LIBRARIES = YES;
				CODE_SIGN_STYLE = Automatic;
				CURRENT_PROJECT_VERSION = 1;
				DEVELOPMENT_TEAM = F965F5ZKX8;
				GENERATE_INFOPLIST_FILE = YES;
				MARKETING_VERSION = 1.0;
				PRODUCT_BUNDLE_IDENTIFIER = "dpm.fall-appUITests";
				PRODUCT_NAME = "$(TARGET_NAME)";
				SWIFT_EMIT_LOC_STRINGS = NO;
				SWIFT_VERSION = 5.0;
				TARGETED_DEVICE_FAMILY = "1,2";
				TEST_TARGET_NAME = "fall-app";
			};
			name = Debug;
		};
		FEEBA5CE29DF5FD800C0015B /* Release */ = {
			isa = XCBuildConfiguration;
			buildSettings = {
				ALWAYS_EMBED_SWIFT_STANDARD_LIBRARIES = YES;
				CODE_SIGN_STYLE = Automatic;
				CURRENT_PROJECT_VERSION = 1;
				DEVELOPMENT_TEAM = F965F5ZKX8;
				GENERATE_INFOPLIST_FILE = YES;
				MARKETING_VERSION = 1.0;
				PRODUCT_BUNDLE_IDENTIFIER = "dpm.fall-appUITests";
				PRODUCT_NAME = "$(TARGET_NAME)";
				SWIFT_EMIT_LOC_STRINGS = NO;
				SWIFT_VERSION = 5.0;
				TARGETED_DEVICE_FAMILY = "1,2";
				TEST_TARGET_NAME = "fall-app";
			};
			name = Release;
		};
/* End XCBuildConfiguration section */

/* Begin XCConfigurationList section */
		FEEBA59D29DF5FD700C0015B /* Build configuration list for PBXProject "fall-app" */ = {
			isa = XCConfigurationList;
			buildConfigurations = (
				FEEBA5C429DF5FD800C0015B /* Debug */,
				FEEBA5C529DF5FD800C0015B /* Release */,
			);
			defaultConfigurationIsVisible = 0;
			defaultConfigurationName = Release;
		};
		FEEBA5C629DF5FD800C0015B /* Build configuration list for PBXNativeTarget "fall-app" */ = {
			isa = XCConfigurationList;
			buildConfigurations = (
				FEEBA5C729DF5FD800C0015B /* Debug */,
				FEEBA5C829DF5FD800C0015B /* Release */,
			);
			defaultConfigurationIsVisible = 0;
			defaultConfigurationName = Release;
		};
		FEEBA5C929DF5FD800C0015B /* Build configuration list for PBXNativeTarget "fall-appTests" */ = {
			isa = XCConfigurationList;
			buildConfigurations = (
				FEEBA5CA29DF5FD800C0015B /* Debug */,
				FEEBA5CB29DF5FD800C0015B /* Release */,
			);
			defaultConfigurationIsVisible = 0;
			defaultConfigurationName = Release;
		};
		FEEBA5CC29DF5FD800C0015B /* Build configuration list for PBXNativeTarget "fall-appUITests" */ = {
			isa = XCConfigurationList;
			buildConfigurations = (
				FEEBA5CD29DF5FD800C0015B /* Debug */,
				FEEBA5CE29DF5FD800C0015B /* Release */,
			);
			defaultConfigurationIsVisible = 0;
			defaultConfigurationName = Release;
		};
/* End XCConfigurationList section */

/* Begin XCRemoteSwiftPackageReference section */
		FE5B714C29E9F206002D92F3 /* XCRemoteSwiftPackageReference "firebase-ios-sdk" */ = {
			isa = XCRemoteSwiftPackageReference;
			repositoryURL = "https://github.com/firebase/firebase-ios-sdk";
			requirement = {
				kind = upToNextMajorVersion;
				minimumVersion = 10.0.0;
			};
		};
/* End XCRemoteSwiftPackageReference section */

/* Begin XCSwiftPackageProductDependency section */
		FE5B714D29E9F206002D92F3 /* FirebaseAnalytics */ = {
			isa = XCSwiftPackageProductDependency;
			package = FE5B714C29E9F206002D92F3 /* XCRemoteSwiftPackageReference "firebase-ios-sdk" */;
			productName = FirebaseAnalytics;
		};
		FE5B714F29E9F206002D92F3 /* FirebaseAnalyticsOnDeviceConversion */ = {
			isa = XCSwiftPackageProductDependency;
			package = FE5B714C29E9F206002D92F3 /* XCRemoteSwiftPackageReference "firebase-ios-sdk" */;
			productName = FirebaseAnalyticsOnDeviceConversion;
		};
		FE5B715129E9F206002D92F3 /* FirebaseAnalyticsSwift */ = {
			isa = XCSwiftPackageProductDependency;
			package = FE5B714C29E9F206002D92F3 /* XCRemoteSwiftPackageReference "firebase-ios-sdk" */;
			productName = FirebaseAnalyticsSwift;
		};
		FE5B715329E9F206002D92F3 /* FirebaseAnalyticsWithoutAdIdSupport */ = {
			isa = XCSwiftPackageProductDependency;
			package = FE5B714C29E9F206002D92F3 /* XCRemoteSwiftPackageReference "firebase-ios-sdk" */;
			productName = FirebaseAnalyticsWithoutAdIdSupport;
		};
		FE5B715529E9F206002D92F3 /* FirebaseAppCheck */ = {
			isa = XCSwiftPackageProductDependency;
			package = FE5B714C29E9F206002D92F3 /* XCRemoteSwiftPackageReference "firebase-ios-sdk" */;
			productName = FirebaseAppCheck;
		};
		FE5B715729E9F206002D92F3 /* FirebaseAppDistribution-Beta */ = {
			isa = XCSwiftPackageProductDependency;
			package = FE5B714C29E9F206002D92F3 /* XCRemoteSwiftPackageReference "firebase-ios-sdk" */;
			productName = "FirebaseAppDistribution-Beta";
		};
		FE5B715929E9F206002D92F3 /* FirebaseAuth */ = {
			isa = XCSwiftPackageProductDependency;
			package = FE5B714C29E9F206002D92F3 /* XCRemoteSwiftPackageReference "firebase-ios-sdk" */;
			productName = FirebaseAuth;
		};
		FE5B715B29E9F206002D92F3 /* FirebaseAuthCombine-Community */ = {
			isa = XCSwiftPackageProductDependency;
			package = FE5B714C29E9F206002D92F3 /* XCRemoteSwiftPackageReference "firebase-ios-sdk" */;
			productName = "FirebaseAuthCombine-Community";
		};
		FE5B715D29E9F206002D92F3 /* FirebaseCrashlytics */ = {
			isa = XCSwiftPackageProductDependency;
			package = FE5B714C29E9F206002D92F3 /* XCRemoteSwiftPackageReference "firebase-ios-sdk" */;
			productName = FirebaseCrashlytics;
		};
		FE5B715F29E9F206002D92F3 /* FirebaseDatabase */ = {
			isa = XCSwiftPackageProductDependency;
			package = FE5B714C29E9F206002D92F3 /* XCRemoteSwiftPackageReference "firebase-ios-sdk" */;
			productName = FirebaseDatabase;
		};
		FE5B716129E9F206002D92F3 /* FirebaseDatabaseSwift */ = {
			isa = XCSwiftPackageProductDependency;
			package = FE5B714C29E9F206002D92F3 /* XCRemoteSwiftPackageReference "firebase-ios-sdk" */;
			productName = FirebaseDatabaseSwift;
		};
		FE5B716329E9F206002D92F3 /* FirebaseDynamicLinks */ = {
			isa = XCSwiftPackageProductDependency;
			package = FE5B714C29E9F206002D92F3 /* XCRemoteSwiftPackageReference "firebase-ios-sdk" */;
			productName = FirebaseDynamicLinks;
		};
		FE5B716529E9F206002D92F3 /* FirebaseFirestore */ = {
			isa = XCSwiftPackageProductDependency;
			package = FE5B714C29E9F206002D92F3 /* XCRemoteSwiftPackageReference "firebase-ios-sdk" */;
			productName = FirebaseFirestore;
		};
		FE5B716729E9F206002D92F3 /* FirebaseFirestoreCombine-Community */ = {
			isa = XCSwiftPackageProductDependency;
			package = FE5B714C29E9F206002D92F3 /* XCRemoteSwiftPackageReference "firebase-ios-sdk" */;
			productName = "FirebaseFirestoreCombine-Community";
		};
		FE5B716929E9F206002D92F3 /* FirebaseFirestoreSwift */ = {
			isa = XCSwiftPackageProductDependency;
			package = FE5B714C29E9F206002D92F3 /* XCRemoteSwiftPackageReference "firebase-ios-sdk" */;
			productName = FirebaseFirestoreSwift;
		};
		FE5B716B29E9F206002D92F3 /* FirebaseFunctions */ = {
			isa = XCSwiftPackageProductDependency;
			package = FE5B714C29E9F206002D92F3 /* XCRemoteSwiftPackageReference "firebase-ios-sdk" */;
			productName = FirebaseFunctions;
		};
		FE5B716D29E9F206002D92F3 /* FirebaseFunctionsCombine-Community */ = {
			isa = XCSwiftPackageProductDependency;
			package = FE5B714C29E9F206002D92F3 /* XCRemoteSwiftPackageReference "firebase-ios-sdk" */;
			productName = "FirebaseFunctionsCombine-Community";
		};
		FE5B716F29E9F206002D92F3 /* FirebaseInAppMessaging-Beta */ = {
			isa = XCSwiftPackageProductDependency;
			package = FE5B714C29E9F206002D92F3 /* XCRemoteSwiftPackageReference "firebase-ios-sdk" */;
			productName = "FirebaseInAppMessaging-Beta";
		};
		FE5B717129E9F206002D92F3 /* FirebaseInAppMessagingSwift-Beta */ = {
			isa = XCSwiftPackageProductDependency;
			package = FE5B714C29E9F206002D92F3 /* XCRemoteSwiftPackageReference "firebase-ios-sdk" */;
			productName = "FirebaseInAppMessagingSwift-Beta";
		};
		FE5B717329E9F206002D92F3 /* FirebaseInstallations */ = {
			isa = XCSwiftPackageProductDependency;
			package = FE5B714C29E9F206002D92F3 /* XCRemoteSwiftPackageReference "firebase-ios-sdk" */;
			productName = FirebaseInstallations;
		};
		FE5B717529E9F206002D92F3 /* FirebaseMLModelDownloader */ = {
			isa = XCSwiftPackageProductDependency;
			package = FE5B714C29E9F206002D92F3 /* XCRemoteSwiftPackageReference "firebase-ios-sdk" */;
			productName = FirebaseMLModelDownloader;
		};
		FE5B717729E9F206002D92F3 /* FirebaseMessaging */ = {
			isa = XCSwiftPackageProductDependency;
			package = FE5B714C29E9F206002D92F3 /* XCRemoteSwiftPackageReference "firebase-ios-sdk" */;
			productName = FirebaseMessaging;
		};
		FE5B717929E9F206002D92F3 /* FirebasePerformance */ = {
			isa = XCSwiftPackageProductDependency;
			package = FE5B714C29E9F206002D92F3 /* XCRemoteSwiftPackageReference "firebase-ios-sdk" */;
			productName = FirebasePerformance;
		};
		FE5B717B29E9F206002D92F3 /* FirebaseRemoteConfig */ = {
			isa = XCSwiftPackageProductDependency;
			package = FE5B714C29E9F206002D92F3 /* XCRemoteSwiftPackageReference "firebase-ios-sdk" */;
			productName = FirebaseRemoteConfig;
		};
		FE5B717D29E9F206002D92F3 /* FirebaseRemoteConfigSwift */ = {
			isa = XCSwiftPackageProductDependency;
			package = FE5B714C29E9F206002D92F3 /* XCRemoteSwiftPackageReference "firebase-ios-sdk" */;
			productName = FirebaseRemoteConfigSwift;
		};
		FE5B717F29E9F206002D92F3 /* FirebaseStorage */ = {
			isa = XCSwiftPackageProductDependency;
			package = FE5B714C29E9F206002D92F3 /* XCRemoteSwiftPackageReference "firebase-ios-sdk" */;
			productName = FirebaseStorage;
		};
		FE5B718129E9F206002D92F3 /* FirebaseStorageCombine-Community */ = {
			isa = XCSwiftPackageProductDependency;
			package = FE5B714C29E9F206002D92F3 /* XCRemoteSwiftPackageReference "firebase-ios-sdk" */;
			productName = "FirebaseStorageCombine-Community";
		};
/* End XCSwiftPackageProductDependency section */
	};
	rootObject = FEEBA59A29DF5FD700C0015B /* Project object */;
}
